// !$*UTF8*$!
{
	archiveVersion = 1;
	classes = {
	};
	objectVersion = 45;
	objects = {

/* Begin PBXBuildFile section */
		1D3623260D0F684500981E51 /* Forward_GeocodingAppDelegate.m in Sources */ = {isa = PBXBuildFile; fileRef = 1D3623250D0F684500981E51 /* Forward_GeocodingAppDelegate.m */; };
		1D60589B0D05DD56006BFB54 /* main.m in Sources */ = {isa = PBXBuildFile; fileRef = 29B97316FDCFA39411CA2CEA /* main.m */; };
		1D60589F0D05DD5A006BFB54 /* Foundation.framework in Frameworks */ = {isa = PBXBuildFile; fileRef = 1D30AB110D05D00D00671497 /* Foundation.framework */; };
		1DF5F4E00D08C38300B7A737 /* UIKit.framework in Frameworks */ = {isa = PBXBuildFile; fileRef = 1DF5F4DF0D08C38300B7A737 /* UIKit.framework */; };
		288765A50DF7441C002DB57D /* CoreGraphics.framework in Frameworks */ = {isa = PBXBuildFile; fileRef = 288765A40DF7441C002DB57D /* CoreGraphics.framework */; };
		2899E5220DE3E06400AC0155 /* Forward_GeocodingViewController.xib in Resources */ = {isa = PBXBuildFile; fileRef = 2899E5210DE3E06400AC0155 /* Forward_GeocodingViewController.xib */; };
		28AD733F0D9D9553002E5188 /* MainWindow.xib in Resources */ = {isa = PBXBuildFile; fileRef = 28AD733E0D9D9553002E5188 /* MainWindow.xib */; };
		28D7ACF80DDB3853001CB0EB /* Forward_GeocodingViewController.m in Sources */ = {isa = PBXBuildFile; fileRef = 28D7ACF70DDB3853001CB0EB /* Forward_GeocodingViewController.m */; };
		F4C7A376114CF462009DC9F7 /* BSForwardGeocoder.m in Sources */ = {isa = PBXBuildFile; fileRef = F4C7A373114CF462009DC9F7 /* BSForwardGeocoder.m */; };
		F4C7A377114CF462009DC9F7 /* BSKmlResult.m in Sources */ = {isa = PBXBuildFile; fileRef = F4C7A375114CF462009DC9F7 /* BSKmlResult.m */; };
		F4C7A37B114CF471009DC9F7 /* BSGoogleV2KmlParser.m in Sources */ = {isa = PBXBuildFile; fileRef = F4C7A37A114CF471009DC9F7 /* BSGoogleV2KmlParser.m */; };
		F4C7A3B6114CFC0F009DC9F7 /* MapKit.framework in Frameworks */ = {isa = PBXBuildFile; fileRef = F4C7A3B5114CFC0F009DC9F7 /* MapKit.framework */; };
		F4C7A41A114D02CB009DC9F7 /* CustomPlacemark.m in Sources */ = {isa = PBXBuildFile; fileRef = F4C7A419114D02CB009DC9F7 /* CustomPlacemark.m */; };
		F4C7A4B0114D599D009DC9F7 /* BSGoogleV3KmlParser.m in Sources */ = {isa = PBXBuildFile; fileRef = F4C7A4AF114D599D009DC9F7 /* BSGoogleV3KmlParser.m */; };
		F4C7A4BD114D5BD0009DC9F7 /* BSAddressComponent.m in Sources */ = {isa = PBXBuildFile; fileRef = F4C7A4BC114D5BD0009DC9F7 /* BSAddressComponent.m */; };
/* End PBXBuildFile section */

/* Begin PBXFileReference section */
		1D30AB110D05D00D00671497 /* Foundation.framework */ = {isa = PBXFileReference; lastKnownFileType = wrapper.framework; name = Foundation.framework; path = System/Library/Frameworks/Foundation.framework; sourceTree = SDKROOT; };
		1D3623240D0F684500981E51 /* Forward_GeocodingAppDelegate.h */ = {isa = PBXFileReference; fileEncoding = 4; lastKnownFileType = sourcecode.c.h; path = Forward_GeocodingAppDelegate.h; sourceTree = "<group>"; };
		1D3623250D0F684500981E51 /* Forward_GeocodingAppDelegate.m */ = {isa = PBXFileReference; fileEncoding = 4; lastKnownFileType = sourcecode.c.objc; path = Forward_GeocodingAppDelegate.m; sourceTree = "<group>"; };
		1D6058910D05DD3D006BFB54 /* Forward-Geocoding.app */ = {isa = PBXFileReference; explicitFileType = wrapper.application; includeInIndex = 0; path = "Forward-Geocoding.app"; sourceTree = BUILT_PRODUCTS_DIR; };
		1DF5F4DF0D08C38300B7A737 /* UIKit.framework */ = {isa = PBXFileReference; lastKnownFileType = wrapper.framework; name = UIKit.framework; path = System/Library/Frameworks/UIKit.framework; sourceTree = SDKROOT; };
		288765A40DF7441C002DB57D /* CoreGraphics.framework */ = {isa = PBXFileReference; lastKnownFileType = wrapper.framework; name = CoreGraphics.framework; path = System/Library/Frameworks/CoreGraphics.framework; sourceTree = SDKROOT; };
		2899E5210DE3E06400AC0155 /* Forward_GeocodingViewController.xib */ = {isa = PBXFileReference; lastKnownFileType = file.xib; path = Forward_GeocodingViewController.xib; sourceTree = "<group>"; };
		28AD733E0D9D9553002E5188 /* MainWindow.xib */ = {isa = PBXFileReference; lastKnownFileType = file.xib; path = MainWindow.xib; sourceTree = "<group>"; };
		28D7ACF60DDB3853001CB0EB /* Forward_GeocodingViewController.h */ = {isa = PBXFileReference; fileEncoding = 4; lastKnownFileType = sourcecode.c.h; path = Forward_GeocodingViewController.h; sourceTree = "<group>"; };
		28D7ACF70DDB3853001CB0EB /* Forward_GeocodingViewController.m */ = {isa = PBXFileReference; fileEncoding = 4; lastKnownFileType = sourcecode.c.objc; path = Forward_GeocodingViewController.m; sourceTree = "<group>"; };
		29B97316FDCFA39411CA2CEA /* main.m */ = {isa = PBXFileReference; fileEncoding = 4; lastKnownFileType = sourcecode.c.objc; path = main.m; sourceTree = "<group>"; };
		32CA4F630368D1EE00C91783 /* Forward_Geocoding_Prefix.pch */ = {isa = PBXFileReference; fileEncoding = 4; lastKnownFileType = sourcecode.c.h; path = Forward_Geocoding_Prefix.pch; sourceTree = "<group>"; };
		8D1107310486CEB800E47090 /* Forward_Geocoding-Info.plist */ = {isa = PBXFileReference; fileEncoding = 4; lastKnownFileType = text.plist.xml; path = "Forward_Geocoding-Info.plist"; plistStructureDefinitionIdentifier = "com.apple.xcode.plist.structure-definition.iphone.info-plist"; sourceTree = "<group>"; };
		F4C7A372114CF462009DC9F7 /* BSForwardGeocoder.h */ = {isa = PBXFileReference; fileEncoding = 4; lastKnownFileType = sourcecode.c.h; path = BSForwardGeocoder.h; sourceTree = "<group>"; };
		F4C7A373114CF462009DC9F7 /* BSForwardGeocoder.m */ = {isa = PBXFileReference; fileEncoding = 4; lastKnownFileType = sourcecode.c.objc; path = BSForwardGeocoder.m; sourceTree = "<group>"; };
		F4C7A374114CF462009DC9F7 /* BSKmlResult.h */ = {isa = PBXFileReference; fileEncoding = 4; lastKnownFileType = sourcecode.c.h; path = BSKmlResult.h; sourceTree = "<group>"; };
		F4C7A375114CF462009DC9F7 /* BSKmlResult.m */ = {isa = PBXFileReference; fileEncoding = 4; lastKnownFileType = sourcecode.c.objc; path = BSKmlResult.m; sourceTree = "<group>"; };
		F4C7A379114CF471009DC9F7 /* BSGoogleV2KmlParser.h */ = {isa = PBXFileReference; fileEncoding = 4; lastKnownFileType = sourcecode.c.h; path = BSGoogleV2KmlParser.h; sourceTree = "<group>"; };
		F4C7A37A114CF471009DC9F7 /* BSGoogleV2KmlParser.m */ = {isa = PBXFileReference; fileEncoding = 4; lastKnownFileType = sourcecode.c.objc; path = BSGoogleV2KmlParser.m; sourceTree = "<group>"; };
		F4C7A3B5114CFC0F009DC9F7 /* MapKit.framework */ = {isa = PBXFileReference; lastKnownFileType = wrapper.framework; name = MapKit.framework; path = System/Library/Frameworks/MapKit.framework; sourceTree = SDKROOT; };
		F4C7A418114D02CB009DC9F7 /* CustomPlacemark.h */ = {isa = PBXFileReference; fileEncoding = 4; lastKnownFileType = sourcecode.c.h; path = CustomPlacemark.h; sourceTree = "<group>"; };
		F4C7A419114D02CB009DC9F7 /* CustomPlacemark.m */ = {isa = PBXFileReference; fileEncoding = 4; lastKnownFileType = sourcecode.c.objc; path = CustomPlacemark.m; sourceTree = "<group>"; };
		F4C7A4AE114D599D009DC9F7 /* BSGoogleV3KmlParser.h */ = {isa = PBXFileReference; fileEncoding = 4; lastKnownFileType = sourcecode.c.h; path = BSGoogleV3KmlParser.h; sourceTree = "<group>"; };
		F4C7A4AF114D599D009DC9F7 /* BSGoogleV3KmlParser.m */ = {isa = PBXFileReference; fileEncoding = 4; lastKnownFileType = sourcecode.c.objc; path = BSGoogleV3KmlParser.m; sourceTree = "<group>"; };
		F4C7A4BB114D5BD0009DC9F7 /* BSAddressComponent.h */ = {isa = PBXFileReference; fileEncoding = 4; lastKnownFileType = sourcecode.c.h; path = BSAddressComponent.h; sourceTree = "<group>"; };
		F4C7A4BC114D5BD0009DC9F7 /* BSAddressComponent.m */ = {isa = PBXFileReference; fileEncoding = 4; lastKnownFileType = sourcecode.c.objc; path = BSAddressComponent.m; sourceTree = "<group>"; };
/* End PBXFileReference section */

/* Begin PBXFrameworksBuildPhase section */
		1D60588F0D05DD3D006BFB54 /* Frameworks */ = {
			isa = PBXFrameworksBuildPhase;
			buildActionMask = 2147483647;
			files = (
				1D60589F0D05DD5A006BFB54 /* Foundation.framework in Frameworks */,
				1DF5F4E00D08C38300B7A737 /* UIKit.framework in Frameworks */,
				288765A50DF7441C002DB57D /* CoreGraphics.framework in Frameworks */,
				F4C7A3B6114CFC0F009DC9F7 /* MapKit.framework in Frameworks */,
			);
			runOnlyForDeploymentPostprocessing = 0;
		};
/* End PBXFrameworksBuildPhase section */

/* Begin PBXGroup section */
		080E96DDFE201D6D7F000001 /* Classes */ = {
			isa = PBXGroup;
			children = (
				F4C7A417114D02B7009DC9F7 /* Placemark */,
				F4C7A371114CF445009DC9F7 /* Forward Geocoding */,
				1D3623240D0F684500981E51 /* Forward_GeocodingAppDelegate.h */,
				1D3623250D0F684500981E51 /* Forward_GeocodingAppDelegate.m */,
				28D7ACF60DDB3853001CB0EB /* Forward_GeocodingViewController.h */,
				28D7ACF70DDB3853001CB0EB /* Forward_GeocodingViewController.m */,
			);
			path = Classes;
			sourceTree = "<group>";
		};
		19C28FACFE9D520D11CA2CBB /* Products */ = {
			isa = PBXGroup;
			children = (
				1D6058910D05DD3D006BFB54 /* Forward-Geocoding.app */,
			);
			name = Products;
			sourceTree = "<group>";
		};
		29B97314FDCFA39411CA2CEA /* CustomTemplate */ = {
			isa = PBXGroup;
			children = (
				080E96DDFE201D6D7F000001 /* Classes */,
				29B97315FDCFA39411CA2CEA /* Other Sources */,
				29B97317FDCFA39411CA2CEA /* Resources-iPad */,
				29B97323FDCFA39411CA2CEA /* Frameworks */,
				19C28FACFE9D520D11CA2CBB /* Products */,
			);
			comments = "//\n//  Created by Björn Sållarp on 2010-03-13.\n//  NO Copyright 2010 MightyLittle Industries. NO rights reserved.\n// \n//  Use this code any way you like. If you do like it, please\n//  link to my blog and/or write a friendly comment. Thank you!\n//\n//  Read my blog @ http://blog.sallarp.com\n//";
			name = CustomTemplate;
			sourceTree = "<group>";
		};
		29B97315FDCFA39411CA2CEA /* Other Sources */ = {
			isa = PBXGroup;
			children = (
				32CA4F630368D1EE00C91783 /* Forward_Geocoding_Prefix.pch */,
				29B97316FDCFA39411CA2CEA /* main.m */,
			);
			name = "Other Sources";
			sourceTree = "<group>";
		};
		29B97317FDCFA39411CA2CEA /* Resources-iPad */ = {
			isa = PBXGroup;
			children = (
				2899E5210DE3E06400AC0155 /* Forward_GeocodingViewController.xib */,
				28AD733E0D9D9553002E5188 /* MainWindow.xib */,
				8D1107310486CEB800E47090 /* Forward_Geocoding-Info.plist */,
			);
			name = "Resources-iPad";
			sourceTree = "<group>";
		};
		29B97323FDCFA39411CA2CEA /* Frameworks */ = {
			isa = PBXGroup;
			children = (
				1DF5F4DF0D08C38300B7A737 /* UIKit.framework */,
				1D30AB110D05D00D00671497 /* Foundation.framework */,
				288765A40DF7441C002DB57D /* CoreGraphics.framework */,
				F4C7A3B5114CFC0F009DC9F7 /* MapKit.framework */,
			);
			name = Frameworks;
			sourceTree = "<group>";
		};
		F4C7A371114CF445009DC9F7 /* Forward Geocoding */ = {
			isa = PBXGroup;
			children = (
				F4C7A378114CF466009DC9F7 /* Parsers */,
				F4C7A372114CF462009DC9F7 /* BSForwardGeocoder.h */,
				F4C7A373114CF462009DC9F7 /* BSForwardGeocoder.m */,
				F4C7A374114CF462009DC9F7 /* BSKmlResult.h */,
				F4C7A375114CF462009DC9F7 /* BSKmlResult.m */,
				F4C7A4BB114D5BD0009DC9F7 /* BSAddressComponent.h */,
				F4C7A4BC114D5BD0009DC9F7 /* BSAddressComponent.m */,
			);
			name = "Forward Geocoding";
			sourceTree = "<group>";
		};
		F4C7A378114CF466009DC9F7 /* Parsers */ = {
			isa = PBXGroup;
			children = (
				F4C7A379114CF471009DC9F7 /* BSGoogleV2KmlParser.h */,
				F4C7A37A114CF471009DC9F7 /* BSGoogleV2KmlParser.m */,
				F4C7A4AE114D599D009DC9F7 /* BSGoogleV3KmlParser.h */,
				F4C7A4AF114D599D009DC9F7 /* BSGoogleV3KmlParser.m */,
			);
			name = Parsers;
			sourceTree = "<group>";
		};
		F4C7A417114D02B7009DC9F7 /* Placemark */ = {
			isa = PBXGroup;
			children = (
				F4C7A418114D02CB009DC9F7 /* CustomPlacemark.h */,
				F4C7A419114D02CB009DC9F7 /* CustomPlacemark.m */,
			);
			name = Placemark;
			sourceTree = "<group>";
		};
/* End PBXGroup section */

/* Begin PBXNativeTarget section */
		1D6058900D05DD3D006BFB54 /* Forward-Geocoding */ = {
			isa = PBXNativeTarget;
			buildConfigurationList = 1D6058960D05DD3E006BFB54 /* Build configuration list for PBXNativeTarget "Forward-Geocoding" */;
			buildPhases = (
				1D60588D0D05DD3D006BFB54 /* Resources */,
				1D60588E0D05DD3D006BFB54 /* Sources */,
				1D60588F0D05DD3D006BFB54 /* Frameworks */,
			);
			buildRules = (
			);
			dependencies = (
			);
			name = "Forward-Geocoding";
			productName = "Forward-Geocoding";
			productReference = 1D6058910D05DD3D006BFB54 /* Forward-Geocoding.app */;
			productType = "com.apple.product-type.application";
		};
/* End PBXNativeTarget section */

/* Begin PBXProject section */
		29B97313FDCFA39411CA2CEA /* Project object */ = {
			isa = PBXProject;
			buildConfigurationList = C01FCF4E08A954540054247B /* Build configuration list for PBXProject "Forward-Geocoding" */;
			compatibilityVersion = "Xcode 3.1";
			developmentRegion = English;
			hasScannedForEncodings = 1;
			knownRegions = (
				English,
				Japanese,
				French,
				German,
			);
			mainGroup = 29B97314FDCFA39411CA2CEA /* CustomTemplate */;
			projectDirPath = "";
			projectRoot = "";
			targets = (
				1D6058900D05DD3D006BFB54 /* Forward-Geocoding */,
			);
		};
/* End PBXProject section */

/* Begin PBXResourcesBuildPhase section */
		1D60588D0D05DD3D006BFB54 /* Resources */ = {
			isa = PBXResourcesBuildPhase;
			buildActionMask = 2147483647;
			files = (
				28AD733F0D9D9553002E5188 /* MainWindow.xib in Resources */,
				2899E5220DE3E06400AC0155 /* Forward_GeocodingViewController.xib in Resources */,
			);
			runOnlyForDeploymentPostprocessing = 0;
		};
/* End PBXResourcesBuildPhase section */

/* Begin PBXSourcesBuildPhase section */
		1D60588E0D05DD3D006BFB54 /* Sources */ = {
			isa = PBXSourcesBuildPhase;
			buildActionMask = 2147483647;
			files = (
				1D60589B0D05DD56006BFB54 /* main.m in Sources */,
				1D3623260D0F684500981E51 /* Forward_GeocodingAppDelegate.m in Sources */,
				28D7ACF80DDB3853001CB0EB /* Forward_GeocodingViewController.m in Sources */,
				F4C7A376114CF462009DC9F7 /* BSForwardGeocoder.m in Sources */,
				F4C7A377114CF462009DC9F7 /* BSKmlResult.m in Sources */,
				F4C7A37B114CF471009DC9F7 /* BSGoogleV2KmlParser.m in Sources */,
				F4C7A41A114D02CB009DC9F7 /* CustomPlacemark.m in Sources */,
				F4C7A4B0114D599D009DC9F7 /* BSGoogleV3KmlParser.m in Sources */,
				F4C7A4BD114D5BD0009DC9F7 /* BSAddressComponent.m in Sources */,
			);
			runOnlyForDeploymentPostprocessing = 0;
		};
/* End PBXSourcesBuildPhase section */

/* Begin XCBuildConfiguration section */
		1D6058940D05DD3E006BFB54 /* Debug */ = {
			isa = XCBuildConfiguration;
			buildSettings = {
				ALWAYS_SEARCH_USER_PATHS = NO;
				COPY_PHASE_STRIP = NO;
				GCC_DYNAMIC_NO_PIC = NO;
				GCC_OPTIMIZATION_LEVEL = 0;
				GCC_PRECOMPILE_PREFIX_HEADER = YES;
				GCC_PREFIX_HEADER = Forward_Geocoding_Prefix.pch;
				INFOPLIST_FILE = "Forward_Geocoding-Info.plist";
				PRODUCT_NAME = "Forward-Geocoding";
				SDKROOT = iphoneos;
				TARGETED_DEVICE_FAMILY = 2;
			};
			name = Debug;
		};
		1D6058950D05DD3E006BFB54 /* Release */ = {
			isa = XCBuildConfiguration;
			buildSettings = {
				ALWAYS_SEARCH_USER_PATHS = NO;
				COPY_PHASE_STRIP = YES;
				GCC_PRECOMPILE_PREFIX_HEADER = YES;
				GCC_PREFIX_HEADER = Forward_Geocoding_Prefix.pch;
				INFOPLIST_FILE = "Forward_Geocoding-Info.plist";
				PRODUCT_NAME = "Forward-Geocoding";
				SDKROOT = iphoneos;
				TARGETED_DEVICE_FAMILY = 2;
				VALIDATE_PRODUCT = YES;
			};
			name = Release;
		};
		C01FCF4F08A954540054247B /* Debug */ = {
			isa = XCBuildConfiguration;
			buildSettings = {
				ARCHS = "$(ARCHS_STANDARD_32_BIT)";
				"CODE_SIGN_IDENTITY[sdk=iphoneos*]" = "iPhone Developer";
				GCC_C_LANGUAGE_STANDARD = c99;
				GCC_WARN_ABOUT_RETURN_TYPE = YES;
				GCC_WARN_UNUSED_VARIABLE = YES;
				PREBINDING = NO;
				SDKROOT = iphoneos4.2;
			};
			name = Debug;
		};
		C01FCF5008A954540054247B /* Release */ = {
			isa = XCBuildConfiguration;
			buildSettings = {
				ARCHS = "$(ARCHS_STANDARD_32_BIT)";
				"CODE_SIGN_IDENTITY[sdk=iphoneos*]" = "iPhone Developer";
				GCC_C_LANGUAGE_STANDARD = c99;
				GCC_WARN_ABOUT_RETURN_TYPE = YES;
				GCC_WARN_UNUSED_VARIABLE = YES;
				PREBINDING = NO;
				SDKROOT = iphoneos4.2;
			};
			name = Release;
		};
/* End XCBuildConfiguration section */

/* Begin XCConfigurationList section */
		1D6058960D05DD3E006BFB54 /* Build configuration list for PBXNativeTarget "Forward-Geocoding" */ = {
			isa = XCConfigurationList;
			buildConfigurations = (
				1D6058940D05DD3E006BFB54 /* Debug */,
				1D6058950D05DD3E006BFB54 /* Release */,
			);
			defaultConfigurationIsVisible = 0;
			defaultConfigurationName = Release;
		};
		C01FCF4E08A954540054247B /* Build configuration list for PBXProject "Forward-Geocoding" */ = {
			isa = XCConfigurationList;
			buildConfigurations = (
				C01FCF4F08A954540054247B /* Debug */,
				C01FCF5008A954540054247B /* Release */,
			);
			defaultConfigurationIsVisible = 0;
			defaultConfigurationName = Release;
		};
/* End XCConfigurationList section */
	};
	rootObject = 29B97313FDCFA39411CA2CEA /* Project object */;
}
